// !$*UTF8*$!
{
	archiveVersion = 1;
	classes = {
	};
	objectVersion = 46;
	objects = {

/* Begin PBXBuildFile section */
		83FEBAD41F1F338700912E88 /* main.m in Sources */ = {isa = PBXBuildFile; fileRef = 83FEBAD31F1F338700912E88 /* main.m */; };
		83FEBAD71F1F338700912E88 /* AppDelegate.m in Sources */ = {isa = PBXBuildFile; fileRef = 83FEBAD61F1F338700912E88 /* AppDelegate.m */; };
		83FEBADA1F1F338700912E88 /* ViewController.m in Sources */ = {isa = PBXBuildFile; fileRef = 83FEBAD91F1F338700912E88 /* ViewController.m */; };
		83FEBADD1F1F338700912E88 /* Main.storyboard in Resources */ = {isa = PBXBuildFile; fileRef = 83FEBADB1F1F338700912E88 /* Main.storyboard */; };
		83FEBADF1F1F338700912E88 /* Assets.xcassets in Resources */ = {isa = PBXBuildFile; fileRef = 83FEBADE1F1F338700912E88 /* Assets.xcassets */; };
		83FEBAE21F1F338700912E88 /* LaunchScreen.storyboard in Resources */ = {isa = PBXBuildFile; fileRef = 83FEBAE01F1F338700912E88 /* LaunchScreen.storyboard */; };
		83FEBAED1F1F338700912E88 /* demoMusicTests.m in Sources */ = {isa = PBXBuildFile; fileRef = 83FEBAEC1F1F338700912E88 /* demoMusicTests.m */; };
		83FEBAF81F1F338700912E88 /* demoMusicUITests.m in Sources */ = {isa = PBXBuildFile; fileRef = 83FEBAF71F1F338700912E88 /* demoMusicUITests.m */; };
		83FEBB0F1F1F33CA00912E88 /* speaker0.png in Resources */ = {isa = PBXBuildFile; fileRef = 83FEBB081F1F33CA00912E88 /* speaker0.png */; };
		83FEBB101F1F33CA00912E88 /* speaker1.png in Resources */ = {isa = PBXBuildFile; fileRef = 83FEBB091F1F33CA00912E88 /* speaker1.png */; };
		83FEBB111F1F33CA00912E88 /* stop.png in Resources */ = {isa = PBXBuildFile; fileRef = 83FEBB0A1F1F33CA00912E88 /* stop.png */; };
		83FEBB121F1F33CA00912E88 /* tex.jpg in Resources */ = {isa = PBXBuildFile; fileRef = 83FEBB0B1F1F33CA00912E88 /* tex.jpg */; };
		83FEBB161F1F44B800912E88 /* Hon-Anh-MIN.mp3 in Resources */ = {isa = PBXBuildFile; fileRef = 83FEBB151F1F44B800912E88 /* Hon-Anh-MIN.mp3 */; };
/* End PBXBuildFile section */

/* Begin PBXContainerItemProxy section */
		83FEBAE91F1F338700912E88 /* PBXContainerItemProxy */ = {
			isa = PBXContainerItemProxy;
			containerPortal = 83FEBAC71F1F338700912E88 /* Project object */;
			proxyType = 1;
			remoteGlobalIDString = 83FEBACE1F1F338700912E88;
			remoteInfo = demoMusic;
		};
		83FEBAF41F1F338700912E88 /* PBXContainerItemProxy */ = {
			isa = PBXContainerItemProxy;
			containerPortal = 83FEBAC71F1F338700912E88 /* Project object */;
			proxyType = 1;
			remoteGlobalIDString = 83FEBACE1F1F338700912E88;
			remoteInfo = demoMusic;
		};
/* End PBXContainerItemProxy section */

/* Begin PBXFileReference section */
		83FEBACF1F1F338700912E88 /* demoMusic.app */ = {isa = PBXFileReference; explicitFileType = wrapper.application; includeInIndex = 0; path = demoMusic.app; sourceTree = BUILT_PRODUCTS_DIR; };
		83FEBAD31F1F338700912E88 /* main.m */ = {isa = PBXFileReference; lastKnownFileType = sourcecode.c.objc; path = main.m; sourceTree = "<group>"; };
		83FEBAD51F1F338700912E88 /* AppDelegate.h */ = {isa = PBXFileReference; lastKnownFileType = sourcecode.c.h; path = AppDelegate.h; sourceTree = "<group>"; };
		83FEBAD61F1F338700912E88 /* AppDelegate.m */ = {isa = PBXFileReference; lastKnownFileType = sourcecode.c.objc; path = AppDelegate.m; sourceTree = "<group>"; };
		83FEBAD81F1F338700912E88 /* ViewController.h */ = {isa = PBXFileReference; lastKnownFileType = sourcecode.c.h; path = ViewController.h; sourceTree = "<group>"; };
		83FEBAD91F1F338700912E88 /* ViewController.m */ = {isa = PBXFileReference; lastKnownFileType = sourcecode.c.objc; path = ViewController.m; sourceTree = "<group>"; };
		83FEBADC1F1F338700912E88 /* Base */ = {isa = PBXFileReference; lastKnownFileType = file.storyboard; name = Base; path = Base.lproj/Main.storyboard; sourceTree = "<group>"; };
		83FEBADE1F1F338700912E88 /* Assets.xcassets */ = {isa = PBXFileReference; lastKnownFileType = folder.assetcatalog; path = Assets.xcassets; sourceTree = "<group>"; };
		83FEBAE11F1F338700912E88 /* Base */ = {isa = PBXFileReference; lastKnownFileType = file.storyboard; name = Base; path = Base.lproj/LaunchScreen.storyboard; sourceTree = "<group>"; };
		83FEBAE31F1F338700912E88 /* Info.plist */ = {isa = PBXFileReference; lastKnownFileType = text.plist.xml; path = Info.plist; sourceTree = "<group>"; };
		83FEBAE81F1F338700912E88 /* demoMusicTests.xctest */ = {isa = PBXFileReference; explicitFileType = wrapper.cfbundle; includeInIndex = 0; path = demoMusicTests.xctest; sourceTree = BUILT_PRODUCTS_DIR; };
		83FEBAEC1F1F338700912E88 /* demoMusicTests.m */ = {isa = PBXFileReference; lastKnownFileType = sourcecode.c.objc; path = demoMusicTests.m; sourceTree = "<group>"; };
		83FEBAEE1F1F338700912E88 /* Info.plist */ = {isa = PBXFileReference; lastKnownFileType = text.plist.xml; path = Info.plist; sourceTree = "<group>"; };
		83FEBAF31F1F338700912E88 /* demoMusicUITests.xctest */ = {isa = PBXFileReference; explicitFileType = wrapper.cfbundle; includeInIndex = 0; path = demoMusicUITests.xctest; sourceTree = BUILT_PRODUCTS_DIR; };
		83FEBAF71F1F338700912E88 /* demoMusicUITests.m */ = {isa = PBXFileReference; lastKnownFileType = sourcecode.c.objc; path = demoMusicUITests.m; sourceTree = "<group>"; };
		83FEBAF91F1F338700912E88 /* Info.plist */ = {isa = PBXFileReference; lastKnownFileType = text.plist.xml; path = Info.plist; sourceTree = "<group>"; };
		83FEBB081F1F33CA00912E88 /* speaker0.png */ = {isa = PBXFileReference; lastKnownFileType = image.png; path = speaker0.png; sourceTree = "<group>"; };
		83FEBB091F1F33CA00912E88 /* speaker1.png */ = {isa = PBXFileReference; lastKnownFileType = image.png; path = speaker1.png; sourceTree = "<group>"; };
		83FEBB0A1F1F33CA00912E88 /* stop.png */ = {isa = PBXFileReference; lastKnownFileType = image.png; path = stop.png; sourceTree = "<group>"; };
		83FEBB0B1F1F33CA00912E88 /* tex.jpg */ = {isa = PBXFileReference; lastKnownFileType = image.jpeg; path = tex.jpg; sourceTree = "<group>"; };
		83FEBB151F1F44B800912E88 /* Hon-Anh-MIN.mp3 */ = {isa = PBXFileReference; lastKnownFileType = audio.mp3; path = "Hon-Anh-MIN.mp3"; sourceTree = "<group>"; };
/* End PBXFileReference section */

/* Begin PBXFrameworksBuildPhase section */
		83FEBACC1F1F338700912E88 /* Frameworks */ = {
			isa = PBXFrameworksBuildPhase;
			buildActionMask = 2147483647;
			files = (
			);
			runOnlyForDeploymentPostprocessing = 0;
		};
		83FEBAE51F1F338700912E88 /* Frameworks */ = {
			isa = PBXFrameworksBuildPhase;
			buildActionMask = 2147483647;
			files = (
			);
			runOnlyForDeploymentPostprocessing = 0;
		};
		83FEBAF01F1F338700912E88 /* Frameworks */ = {
			isa = PBXFrameworksBuildPhase;
			buildActionMask = 2147483647;
			files = (
			);
			runOnlyForDeploymentPostprocessing = 0;
		};
/* End PBXFrameworksBuildPhase section */

/* Begin PBXGroup section */
		83FEBAC61F1F338700912E88 = {
			isa = PBXGroup;
			children = (
				83FEBAD11F1F338700912E88 /* demoMusic */,
				83FEBAEB1F1F338700912E88 /* demoMusicTests */,
				83FEBAF61F1F338700912E88 /* demoMusicUITests */,
				83FEBAD01F1F338700912E88 /* Products */,
			);
			sourceTree = "<group>";
		};
		83FEBAD01F1F338700912E88 /* Products */ = {
			isa = PBXGroup;
			children = (
				83FEBACF1F1F338700912E88 /* demoMusic.app */,
				83FEBAE81F1F338700912E88 /* demoMusicTests.xctest */,
				83FEBAF31F1F338700912E88 /* demoMusicUITests.xctest */,
			);
			name = Products;
			sourceTree = "<group>";
		};
		83FEBAD11F1F338700912E88 /* demoMusic */ = {
			isa = PBXGroup;
			children = (
				83FEBB141F1F33CF00912E88 /* music */,
				83FEBB051F1F33AC00912E88 /* pictures */,
				83FEBAD51F1F338700912E88 /* AppDelegate.h */,
				83FEBAD61F1F338700912E88 /* AppDelegate.m */,
				83FEBAD81F1F338700912E88 /* ViewController.h */,
				83FEBAD91F1F338700912E88 /* ViewController.m */,
				83FEBADB1F1F338700912E88 /* Main.storyboard */,
				83FEBADE1F1F338700912E88 /* Assets.xcassets */,
				83FEBAE01F1F338700912E88 /* LaunchScreen.storyboard */,
				83FEBAE31F1F338700912E88 /* Info.plist */,
				83FEBAD21F1F338700912E88 /* Supporting Files */,
			);
			path = demoMusic;
			sourceTree = "<group>";
		};
		83FEBAD21F1F338700912E88 /* Supporting Files */ = {
			isa = PBXGroup;
			children = (
				83FEBAD31F1F338700912E88 /* main.m */,
			);
			name = "Supporting Files";
			sourceTree = "<group>";
		};
		83FEBAEB1F1F338700912E88 /* demoMusicTests */ = {
			isa = PBXGroup;
			children = (
				83FEBAEC1F1F338700912E88 /* demoMusicTests.m */,
				83FEBAEE1F1F338700912E88 /* Info.plist */,
			);
			path = demoMusicTests;
			sourceTree = "<group>";
		};
		83FEBAF61F1F338700912E88 /* demoMusicUITests */ = {
			isa = PBXGroup;
			children = (
				83FEBAF71F1F338700912E88 /* demoMusicUITests.m */,
				83FEBAF91F1F338700912E88 /* Info.plist */,
			);
			path = demoMusicUITests;
			sourceTree = "<group>";
		};
		83FEBB051F1F33AC00912E88 /* pictures */ = {
			isa = PBXGroup;
			children = (
				83FEBB081F1F33CA00912E88 /* speaker0.png */,
				83FEBB091F1F33CA00912E88 /* speaker1.png */,
				83FEBB0A1F1F33CA00912E88 /* stop.png */,
				83FEBB0B1F1F33CA00912E88 /* tex.jpg */,
			);
			name = pictures;
			sourceTree = "<group>";
		};
		83FEBB141F1F33CF00912E88 /* music */ = {
			isa = PBXGroup;
			children = (
				83FEBB151F1F44B800912E88 /* Hon-Anh-MIN.mp3 */,
			);
			name = music;
			sourceTree = "<group>";
		};
/* End PBXGroup section */

/* Begin PBXNativeTarget section */
		83FEBACE1F1F338700912E88 /* demoMusic */ = {
			isa = PBXNativeTarget;
			buildConfigurationList = 83FEBAFC1F1F338700912E88 /* Build configuration list for PBXNativeTarget "demoMusic" */;
			buildPhases = (
				83FEBACB1F1F338700912E88 /* Sources */,
				83FEBACC1F1F338700912E88 /* Frameworks */,
				83FEBACD1F1F338700912E88 /* Resources */,
			);
			buildRules = (
			);
			dependencies = (
			);
			name = demoMusic;
			productName = demoMusic;
			productReference = 83FEBACF1F1F338700912E88 /* demoMusic.app */;
			productType = "com.apple.product-type.application";
		};
		83FEBAE71F1F338700912E88 /* demoMusicTests */ = {
			isa = PBXNativeTarget;
			buildConfigurationList = 83FEBAFF1F1F338700912E88 /* Build configuration list for PBXNativeTarget "demoMusicTests" */;
			buildPhases = (
				83FEBAE41F1F338700912E88 /* Sources */,
				83FEBAE51F1F338700912E88 /* Frameworks */,
				83FEBAE61F1F338700912E88 /* Resources */,
			);
			buildRules = (
			);
			dependencies = (
				83FEBAEA1F1F338700912E88 /* PBXTargetDependency */,
			);
			name = demoMusicTests;
			productName = demoMusicTests;
			productReference = 83FEBAE81F1F338700912E88 /* demoMusicTests.xctest */;
			productType = "com.apple.product-type.bundle.unit-test";
		};
		83FEBAF21F1F338700912E88 /* demoMusicUITests */ = {
			isa = PBXNativeTarget;
			buildConfigurationList = 83FEBB021F1F338700912E88 /* Build configuration list for PBXNativeTarget "demoMusicUITests" */;
			buildPhases = (
				83FEBAEF1F1F338700912E88 /* Sources */,
				83FEBAF01F1F338700912E88 /* Frameworks */,
				83FEBAF11F1F338700912E88 /* Resources */,
			);
			buildRules = (
			);
			dependencies = (
				83FEBAF51F1F338700912E88 /* PBXTargetDependency */,
			);
			name = demoMusicUITests;
			productName = demoMusicUITests;
			productReference = 83FEBAF31F1F338700912E88 /* demoMusicUITests.xctest */;
			productType = "com.apple.product-type.bundle.ui-testing";
		};
/* End PBXNativeTarget section */

/* Begin PBXProject section */
		83FEBAC71F1F338700912E88 /* Project object */ = {
			isa = PBXProject;
			attributes = {
				LastUpgradeCheck = 0830;
				ORGANIZATIONNAME = "Bui Van Tin";
				TargetAttributes = {
					83FEBACE1F1F338700912E88 = {
						CreatedOnToolsVersion = 8.3.3;
						DevelopmentTeam = P2E5B9D2JU;
						ProvisioningStyle = Automatic;
					};
					83FEBAE71F1F338700912E88 = {
						CreatedOnToolsVersion = 8.3.3;
						DevelopmentTeam = P2E5B9D2JU;
						ProvisioningStyle = Automatic;
						TestTargetID = 83FEBACE1F1F338700912E88;
					};
					83FEBAF21F1F338700912E88 = {
						CreatedOnToolsVersion = 8.3.3;
						DevelopmentTeam = P2E5B9D2JU;
						ProvisioningStyle = Automatic;
						TestTargetID = 83FEBACE1F1F338700912E88;
					};
				};
			};
			buildConfigurationList = 83FEBACA1F1F338700912E88 /* Build configuration list for PBXProject "demoMusic" */;
			compatibilityVersion = "Xcode 3.2";
			developmentRegion = English;
			hasScannedForEncodings = 0;
			knownRegions = (
				en,
				Base,
			);
			mainGroup = 83FEBAC61F1F338700912E88;
			productRefGroup = 83FEBAD01F1F338700912E88 /* Products */;
			projectDirPath = "";
			projectRoot = "";
			targets = (
				83FEBACE1F1F338700912E88 /* demoMusic */,
				83FEBAE71F1F338700912E88 /* demoMusicTests */,
				83FEBAF21F1F338700912E88 /* demoMusicUITests */,
			);
		};
/* End PBXProject section */

/* Begin PBXResourcesBuildPhase section */
		83FEBACD1F1F338700912E88 /* Resources */ = {
			isa = PBXResourcesBuildPhase;
			buildActionMask = 2147483647;
			files = (
				83FEBB121F1F33CA00912E88 /* tex.jpg in Resources */,
				83FEBB161F1F44B800912E88 /* Hon-Anh-MIN.mp3 in Resources */,
				83FEBB101F1F33CA00912E88 /* speaker1.png in Resources */,
				83FEBB111F1F33CA00912E88 /* stop.png in Resources */,
				83FEBAE21F1F338700912E88 /* LaunchScreen.storyboard in Resources */,
				83FEBADF1F1F338700912E88 /* Assets.xcassets in Resources */,
				83FEBB0F1F1F33CA00912E88 /* speaker0.png in Resources */,
				83FEBADD1F1F338700912E88 /* Main.storyboard in Resources */,
			);
			runOnlyForDeploymentPostprocessing = 0;
		};
		83FEBAE61F1F338700912E88 /* Resources */ = {
			isa = PBXResourcesBuildPhase;
			buildActionMask = 2147483647;
			files = (
			);
			runOnlyForDeploymentPostprocessing = 0;
		};
		83FEBAF11F1F338700912E88 /* Resources */ = {
			isa = PBXResourcesBuildPhase;
			buildActionMask = 2147483647;
			files = (
			);
			runOnlyForDeploymentPostprocessing = 0;
		};
/* End PBXResourcesBuildPhase section */

/* Begin PBXSourcesBuildPhase section */
		83FEBACB1F1F338700912E88 /* Sources */ = {
			isa = PBXSourcesBuildPhase;
			buildActionMask = 2147483647;
			files = (
				83FEBADA1F1F338700912E88 /* ViewController.m in Sources */,
				83FEBAD71F1F338700912E88 /* AppDelegate.m in Sources */,
				83FEBAD41F1F338700912E88 /* main.m in Sources */,
			);
			runOnlyForDeploymentPostprocessing = 0;
		};
		83FEBAE41F1F338700912E88 /* Sources */ = {
			isa = PBXSourcesBuildPhase;
			buildActionMask = 2147483647;
			files = (
				83FEBAED1F1F338700912E88 /* demoMusicTests.m in Sources */,
			);
			runOnlyForDeploymentPostprocessing = 0;
		};
		83FEBAEF1F1F338700912E88 /* Sources */ = {
			isa = PBXSourcesBuildPhase;
			buildActionMask = 2147483647;
			files = (
				83FEBAF81F1F338700912E88 /* demoMusicUITests.m in Sources */,
			);
			runOnlyForDeploymentPostprocessing = 0;
		};
/* End PBXSourcesBuildPhase section */

/* Begin PBXTargetDependency section */
		83FEBAEA1F1F338700912E88 /* PBXTargetDependency */ = {
			isa = PBXTargetDependency;
			target = 83FEBACE1F1F338700912E88 /* demoMusic */;
			targetProxy = 83FEBAE91F1F338700912E88 /* PBXContainerItemProxy */;
		};
		83FEBAF51F1F338700912E88 /* PBXTargetDependency */ = {
			isa = PBXTargetDependency;
			target = 83FEBACE1F1F338700912E88 /* demoMusic */;
			targetProxy = 83FEBAF41F1F338700912E88 /* PBXContainerItemProxy */;
		};
/* End PBXTargetDependency section */

/* Begin PBXVariantGroup section */
		83FEBADB1F1F338700912E88 /* Main.storyboard */ = {
			isa = PBXVariantGroup;
			children = (
				83FEBADC1F1F338700912E88 /* Base */,
			);
			name = Main.storyboard;
			sourceTree = "<group>";
		};
		83FEBAE01F1F338700912E88 /* LaunchScreen.storyboard */ = {
			isa = PBXVariantGroup;
			children = (
				83FEBAE11F1F338700912E88 /* Base */,
			);
			name = LaunchScreen.storyboard;
			sourceTree = "<group>";
		};
/* End PBXVariantGroup section */

/* Begin XCBuildConfiguration section */
		83FEBAFA1F1F338700912E88 /* Debug */ = {
			isa = XCBuildConfiguration;
			buildSettings = {
				ALWAYS_SEARCH_USER_PATHS = NO;
				CLANG_ANALYZER_NONNULL = YES;
				CLANG_ANALYZER_NUMBER_OBJECT_CONVERSION = YES_AGGRESSIVE;
				CLANG_CXX_LANGUAGE_STANDARD = "gnu++0x";
				CLANG_CXX_LIBRARY = "libc++";
				CLANG_ENABLE_MODULES = YES;
				CLANG_ENABLE_OBJC_ARC = YES;
				CLANG_WARN_BOOL_CONVERSION = YES;
				CLANG_WARN_CONSTANT_CONVERSION = YES;
				CLANG_WARN_DIRECT_OBJC_ISA_USAGE = YES_ERROR;
				CLANG_WARN_DOCUMENTATION_COMMENTS = YES;
				CLANG_WARN_EMPTY_BODY = YES;
				CLANG_WARN_ENUM_CONVERSION = YES;
				CLANG_WARN_INFINITE_RECURSION = YES;
				CLANG_WARN_INT_CONVERSION = YES;
				CLANG_WARN_OBJC_ROOT_CLASS = YES_ERROR;
				CLANG_WARN_SUSPICIOUS_MOVE = YES;
				CLANG_WARN_UNREACHABLE_CODE = YES;
				CLANG_WARN__DUPLICATE_METHOD_MATCH = YES;
				"CODE_SIGN_IDENTITY[sdk=iphoneos*]" = "iPhone Developer";
				COPY_PHASE_STRIP = NO;
				DEBUG_INFORMATION_FORMAT = dwarf;
				ENABLE_STRICT_OBJC_MSGSEND = YES;
				ENABLE_TESTABILITY = YES;
				GCC_C_LANGUAGE_STANDARD = gnu99;
				GCC_DYNAMIC_NO_PIC = NO;
				GCC_NO_COMMON_BLOCKS = YES;
				GCC_OPTIMIZATION_LEVEL = 0;
				GCC_PREPROCESSOR_DEFINITIONS = (
					"DEBUG=1",
					"$(inherited)",
				);
				GCC_WARN_64_TO_32_BIT_CONVERSION = YES;
				GCC_WARN_ABOUT_RETURN_TYPE = YES_ERROR;
				GCC_WARN_UNDECLARED_SELECTOR = YES;
				GCC_WARN_UNINITIALIZED_AUTOS = YES_AGGRESSIVE;
				GCC_WARN_UNUSED_FUNCTION = YES;
				GCC_WARN_UNUSED_VARIABLE = YES;
				IPHONEOS_DEPLOYMENT_TARGET = 10.3;
				MTL_ENABLE_DEBUG_INFO = YES;
				ONLY_ACTIVE_ARCH = YES;
				SDKROOT = iphoneos;
			};
			name = Debug;
		};
		83FEBAFB1F1F338700912E88 /* Release */ = {
			isa = XCBuildConfiguration;
			buildSettings = {
				ALWAYS_SEARCH_USER_PATHS = NO;
				CLANG_ANALYZER_NONNULL = YES;
				CLANG_ANALYZER_NUMBER_OBJECT_CONVERSION = YES_AGGRESSIVE;
				CLANG_CXX_LANGUAGE_STANDARD = "gnu++0x";
				CLANG_CXX_LIBRARY = "libc++";
				CLANG_ENABLE_MODULES = YES;
				CLANG_ENABLE_OBJC_ARC = YES;
				CLANG_WARN_BOOL_CONVERSION = YES;
				CLANG_WARN_CONSTANT_CONVERSION = YES;
				CLANG_WARN_DIRECT_OBJC_ISA_USAGE = YES_ERROR;
				CLANG_WARN_DOCUMENTATION_COMMENTS = YES;
				CLANG_WARN_EMPTY_BODY = YES;
				CLANG_WARN_ENUM_CONVERSION = YES;
				CLANG_WARN_INFINITE_RECURSION = YES;
				CLANG_WARN_INT_CONVERSION = YES;
				CLANG_WARN_OBJC_ROOT_CLASS = YES_ERROR;
				CLANG_WARN_SUSPICIOUS_MOVE = YES;
				CLANG_WARN_UNREACHABLE_CODE = YES;
				CLANG_WARN__DUPLICATE_METHOD_MATCH = YES;
				"CODE_SIGN_IDENTITY[sdk=iphoneos*]" = "iPhone Developer";
				COPY_PHASE_STRIP = NO;
				DEBUG_INFORMATION_FORMAT = "dwarf-with-dsym";
				ENABLE_NS_ASSERTIONS = NO;
				ENABLE_STRICT_OBJC_MSGSEND = YES;
				GCC_C_LANGUAGE_STANDARD = gnu99;
				GCC_NO_COMMON_BLOCKS = YES;
				GCC_WARN_64_TO_32_BIT_CONVERSION = YES;
				GCC_WARN_ABOUT_RETURN_TYPE = YES_ERROR;
				GCC_WARN_UNDECLARED_SELECTOR = YES;
				GCC_WARN_UNINITIALIZED_AUTOS = YES_AGGRESSIVE;
				GCC_WARN_UNUSED_FUNCTION = YES;
				GCC_WARN_UNUSED_VARIABLE = YES;
				IPHONEOS_DEPLOYMENT_TARGET = 10.3;
				MTL_ENABLE_DEBUG_INFO = NO;
				SDKROOT = iphoneos;
				VALIDATE_PRODUCT = YES;
			};
			name = Release;
		};
		83FEBAFD1F1F338700912E88 /* Debug */ = {
			isa = XCBuildConfiguration;
			buildSettings = {
				ASSETCATALOG_COMPILER_APPICON_NAME = AppIcon;
				DEVELOPMENT_TEAM = P2E5B9D2JU;
				INFOPLIST_FILE = demoMusic/Info.plist;
				LD_RUNPATH_SEARCH_PATHS = "$(inherited) @executable_path/Frameworks";
				PRODUCT_BUNDLE_IDENTIFIER = tinbui.demoMusic;
				PRODUCT_NAME = "$(TARGET_NAME)";
			};
			name = Debug;
		};
		83FEBAFE1F1F338700912E88 /* Release */ = {
			isa = XCBuildConfiguration;
			buildSettings = {
				ASSETCATALOG_COMPILER_APPICON_NAME = AppIcon;
				DEVELOPMENT_TEAM = P2E5B9D2JU;
				INFOPLIST_FILE = demoMusic/Info.plist;
				LD_RUNPATH_SEARCH_PATHS = "$(inherited) @executable_path/Frameworks";
				PRODUCT_BUNDLE_IDENTIFIER = tinbui.demoMusic;
				PRODUCT_NAME = "$(TARGET_NAME)";
			};
			name = Release;
		};
		83FEBB001F1F338700912E88 /* Debug */ = {
			isa = XCBuildConfiguration;
			buildSettings = {
				BUNDLE_LOADER = "$(TEST_HOST)";
				DEVELOPMENT_TEAM = P2E5B9D2JU;
				INFOPLIST_FILE = demoMusicTests/Info.plist;
				LD_RUNPATH_SEARCH_PATHS = "$(inherited) @executable_path/Frameworks @loader_path/Frameworks";
				PRODUCT_BUNDLE_IDENTIFIER = tinbui.demoMusicTests;
				PRODUCT_NAME = "$(TARGET_NAME)";
				TEST_HOST = "$(BUILT_PRODUCTS_DIR)/demoMusic.app/demoMusic";
			};
			name = Debug;
		};
		83FEBB011F1F338700912E88 /* Release */ = {
			isa = XCBuildConfiguration;
			buildSettings = {
				BUNDLE_LOADER = "$(TEST_HOST)";
				DEVELOPMENT_TEAM = P2E5B9D2JU;
				INFOPLIST_FILE = demoMusicTests/Info.plist;
				LD_RUNPATH_SEARCH_PATHS = "$(inherited) @executable_path/Frameworks @loader_path/Frameworks";
				PRODUCT_BUNDLE_IDENTIFIER = tinbui.demoMusicTests;
				PRODUCT_NAME = "$(TARGET_NAME)";
				TEST_HOST = "$(BUILT_PRODUCTS_DIR)/demoMusic.app/demoMusic";
			};
			name = Release;
		};
		83FEBB031F1F338700912E88 /* Debug */ = {
			isa = XCBuildConfiguration;
			buildSettings = {
				DEVELOPMENT_TEAM = P2E5B9D2JU;
				INFOPLIST_FILE = demoMusicUITests/Info.plist;
				LD_RUNPATH_SEARCH_PATHS = "$(inherited) @executable_path/Frameworks @loader_path/Frameworks";
				PRODUCT_BUNDLE_IDENTIFIER = tinbui.demoMusicUITests;
				PRODUCT_NAME = "$(TARGET_NAME)";
				TEST_TARGET_NAME = demoMusic;
			};
			name = Debug;
		};
		83FEBB041F1F338700912E88 /* Release */ = {
			isa = XCBuildConfiguration;
			buildSettings = {
				DEVELOPMENT_TEAM = P2E5B9D2JU;
				INFOPLIST_FILE = demoMusicUITests/Info.plist;
				LD_RUNPATH_SEARCH_PATHS = "$(inherited) @executable_path/Frameworks @loader_path/Frameworks";
				PRODUCT_BUNDLE_IDENTIFIER = tinbui.demoMusicUITests;
				PRODUCT_NAME = "$(TARGET_NAME)";
				TEST_TARGET_NAME = demoMusic;
			};
			name = Release;
		};
/* End XCBuildConfiguration section */

/* Begin XCConfigurationList section */
		83FEBACA1F1F338700912E88 /* Build configuration list for PBXProject "demoMusic" */ = {
			isa = XCConfigurationList;
			buildConfigurations = (
				83FEBAFA1F1F338700912E88 /* Debug */,
				83FEBAFB1F1F338700912E88 /* Release */,
			);
			defaultConfigurationIsVisible = 0;
			defaultConfigurationName = Release;
		};
		83FEBAFC1F1F338700912E88 /* Build configuration list for PBXNativeTarget "demoMusic" */ = {
			isa = XCConfigurationList;
			buildConfigurations = (
				83FEBAFD1F1F338700912E88 /* Debug */,
				83FEBAFE1F1F338700912E88 /* Release */,
			);
			defaultConfigurationIsVisible = 0;
			defaultConfigurationName = Release;
		};
		83FEBAFF1F1F338700912E88 /* Build configuration list for PBXNativeTarget "demoMusicTests" */ = {
			isa = XCConfigurationList;
			buildConfigurations = (
				83FEBB001F1F338700912E88 /* Debug */,
				83FEBB011F1F338700912E88 /* Release */,
			);
			defaultConfigurationIsVisible = 0;
			defaultConfigurationName = Release;
		};
		83FEBB021F1F338700912E88 /* Build configuration list for PBXNativeTarget "demoMusicUITests" */ = {
			isa = XCConfigurationList;
			buildConfigurations = (
				83FEBB031F1F338700912E88 /* Debug */,
				83FEBB041F1F338700912E88 /* Release */,
			);
			defaultConfigurationIsVisible = 0;
			defaultConfigurationName = Release;
		};
/* End XCConfigurationList section */
	};
	rootObject = 83FEBAC71F1F338700912E88 /* Project object */;
}
